// !$*UTF8*$!
{
	archiveVersion = 1;
	classes = {
	};
	objectVersion = 56;
	objects = {

/* Begin PBXBuildFile section */
		1A0000000000000000000201 /* AccessibilityManager.swift in Sources */ = {isa = PBXBuildFile; fileRef = 1A0000000000000000000101 /* AccessibilityManager.swift */; };
		1A0000000000000000000202 /* AppDelegate.swift in Sources */ = {isa = PBXBuildFile; fileRef = 1A0000000000000000000102 /* AppDelegate.swift */; };
		1A0000000000000000000203 /* ClickThroughController.swift in Sources */ = {isa = PBXBuildFile; fileRef = 1A0000000000000000000103 /* ClickThroughController.swift */; };
		1A0000000000000000000204 /* EventTap.swift in Sources */ = {isa = PBXBuildFile; fileRef = 1A0000000000000000000104 /* EventTap.swift */; };
		1A0000000000000000000205 /* Log.swift in Sources */ = {isa = PBXBuildFile; fileRef = 1A0000000000000000000105 /* Log.swift */; };
		1A0000000000000000000206 /* LoginItemManager.swift in Sources */ = {isa = PBXBuildFile; fileRef = 1A0000000000000000000106 /* LoginItemManager.swift */; };
		1A0000000000000000000207 /* ScreenGeometry.swift in Sources */ = {isa = PBXBuildFile; fileRef = 1A0000000000000000000107 /* ScreenGeometry.swift */; };
		1A0000000000000000000208 /* StatusBarController.swift in Sources */ = {isa = PBXBuildFile; fileRef = 1A0000000000000000000108 /* StatusBarController.swift */; };
		1A0000000000000000000209 /* WindowActivator.swift in Sources */ = {isa = PBXBuildFile; fileRef = 1A0000000000000000000109 /* WindowActivator.swift */; };
		1A000000000000000000020A /* WindowFinder.swift in Sources */ = {isa = PBXBuildFile; fileRef = 1A000000000000000000010A /* WindowFinder.swift */; };
		1A000000000000000000020D /* DockInspector.swift in Sources */ = {isa = PBXBuildFile; fileRef = 1A000000000000000000010D /* DockInspector.swift */; };
		1A000000000000000000020E /* NotificationCenterInspector.swift in Sources */ = {isa = PBXBuildFile; fileRef = 1A000000000000000000010F /* NotificationCenterInspector.swift */; };
		1A000000000000000000020F /* AXUIElement+Frame.swift in Sources */ = {isa = PBXBuildFile; fileRef = 1A0000000000000000000110 /* AXUIElement+Frame.swift */; };
		1A000000000000000000020B /* WindowFinderTests.swift in Sources */ = {isa = PBXBuildFile; fileRef = 1A0000000000000000000111 /* WindowFinderTests.swift */; };
		1A000000000000000000020C /* main.swift in Sources */ = {isa = PBXBuildFile; fileRef = 1A000000000000000000010E /* main.swift */; };
/* End PBXBuildFile section */

/* Begin PBXContainerItemProxy section */
		1A0000000000000000000051 /* PBXContainerItemProxy */ = {
			isa = PBXContainerItemProxy;
			containerPortal = 1A0000000000000000000001 /* Project object */;
			proxyType = 1;
			remoteGlobalIDString = 1A0000000000000000000010;
			remoteInfo = ClickThrough;
		};
/* End PBXContainerItemProxy section */

/* Begin PBXFileReference section */
		1A0000000000000000000012 /* ClickThrough.app */ = {isa = PBXFileReference; explicitFileType = wrapper.application; includeInIndex = 0; path = ClickThrough.app; sourceTree = BUILT_PRODUCTS_DIR; };
		1A0000000000000000000013 /* ClickThroughTests.xctest */ = {isa = PBXFileReference; explicitFileType = wrapper.cfbundle; includeInIndex = 0; path = ClickThroughTests.xctest; sourceTree = BUILT_PRODUCTS_DIR; };
		1A0000000000000000000101 /* AccessibilityManager.swift */ = {isa = PBXFileReference; lastKnownFileType = sourcecode.swift; path = AccessibilityManager.swift; sourceTree = "<group>"; };
		1A0000000000000000000102 /* AppDelegate.swift */ = {isa = PBXFileReference; lastKnownFileType = sourcecode.swift; path = AppDelegate.swift; sourceTree = "<group>"; };
		1A0000000000000000000103 /* ClickThroughController.swift */ = {isa = PBXFileReference; lastKnownFileType = sourcecode.swift; path = ClickThroughController.swift; sourceTree = "<group>"; };
		1A0000000000000000000104 /* EventTap.swift */ = {isa = PBXFileReference; lastKnownFileType = sourcecode.swift; path = EventTap.swift; sourceTree = "<group>"; };
		1A0000000000000000000105 /* Log.swift */ = {isa = PBXFileReference; lastKnownFileType = sourcecode.swift; path = Log.swift; sourceTree = "<group>"; };
		1A0000000000000000000106 /* LoginItemManager.swift */ = {isa = PBXFileReference; lastKnownFileType = sourcecode.swift; path = LoginItemManager.swift; sourceTree = "<group>"; };
		1A0000000000000000000107 /* ScreenGeometry.swift */ = {isa = PBXFileReference; lastKnownFileType = sourcecode.swift; path = ScreenGeometry.swift; sourceTree = "<group>"; };
		1A0000000000000000000108 /* StatusBarController.swift */ = {isa = PBXFileReference; lastKnownFileType = sourcecode.swift; path = StatusBarController.swift; sourceTree = "<group>"; };
		1A0000000000000000000109 /* WindowActivator.swift */ = {isa = PBXFileReference; lastKnownFileType = sourcecode.swift; path = WindowActivator.swift; sourceTree = "<group>"; };
		1A000000000000000000010A /* WindowFinder.swift */ = {isa = PBXFileReference; lastKnownFileType = sourcecode.swift; path = WindowFinder.swift; sourceTree = "<group>"; };
		1A000000000000000000010D /* DockInspector.swift */ = {isa = PBXFileReference; lastKnownFileType = sourcecode.swift; path = DockInspector.swift; sourceTree = "<group>"; };
		1A000000000000000000010F /* NotificationCenterInspector.swift */ = {isa = PBXFileReference; lastKnownFileType = sourcecode.swift; path = NotificationCenterInspector.swift; sourceTree = "<group>"; };
		1A0000000000000000000110 /* AXUIElement+Frame.swift */ = {isa = PBXFileReference; lastKnownFileType = sourcecode.swift; path = "AXUIElement+Frame.swift"; sourceTree = "<group>"; };
		1A000000000000000000010B /* Info.plist */ = {isa = PBXFileReference; lastKnownFileType = text.plist.xml; path = Info.plist; sourceTree = "<group>"; };
		1A000000000000000000010C /* ClickThrough.entitlements */ = {isa = PBXFileReference; lastKnownFileType = text.plist.entitlements; path = ClickThrough.entitlements; sourceTree = "<group>"; };
		1A0000000000000000000111 /* WindowFinderTests.swift */ = {isa = PBXFileReference; lastKnownFileType = sourcecode.swift; path = WindowFinderTests.swift; sourceTree = "<group>"; };
		1A000000000000000000010E /* main.swift */ = {isa = PBXFileReference; lastKnownFileType = sourcecode.swift; path = main.swift; sourceTree = "<group>"; };
/* End PBXFileReference section */

/* Begin PBXFrameworksBuildPhase section */
		1A0000000000000000000021 /* Frameworks */ = {
			isa = PBXFrameworksBuildPhase;
			buildActionMask = 2147483647;
			files = (
			);
			runOnlyForDeploymentPostprocessing = 0;
		};
		1A0000000000000000000024 /* Frameworks */ = {
			isa = PBXFrameworksBuildPhase;
			buildActionMask = 2147483647;
			files = (
			);
			runOnlyForDeploymentPostprocessing = 0;
		};
/* End PBXFrameworksBuildPhase section */

/* Begin PBXGroup section */
		1A0000000000000000000002 = {
			isa = PBXGroup;
			children = (
				1A0000000000000000000004 /* ClickThrough */,
				1A0000000000000000000005 /* ClickThroughTests */,
				1A0000000000000000000003 /* Products */,
			);
			sourceTree = "<group>";
		};
		1A0000000000000000000003 /* Products */ = {
			isa = PBXGroup;
			children = (
				1A0000000000000000000012 /* ClickThrough.app */,
				1A0000000000000000000013 /* ClickThroughTests.xctest */,
			);
			name = Products;
			sourceTree = "<group>";
		};
		1A0000000000000000000004 /* ClickThrough */ = {
			isa = PBXGroup;
			children = (
				1A000000000000000000010E /* main.swift */,
				1A0000000000000000000102 /* AppDelegate.swift */,
				1A0000000000000000000103 /* ClickThroughController.swift */,
				1A0000000000000000000104 /* EventTap.swift */,
				1A000000000000000000010A /* WindowFinder.swift */,
				1A000000000000000000010D /* DockInspector.swift */,
				1A000000000000000000010F /* NotificationCenterInspector.swift */,
				1A0000000000000000000110 /* AXUIElement+Frame.swift */,
				1A0000000000000000000109 /* WindowActivator.swift */,
				1A0000000000000000000107 /* ScreenGeometry.swift */,
				1A0000000000000000000108 /* StatusBarController.swift */,
				1A0000000000000000000101 /* AccessibilityManager.swift */,
				1A0000000000000000000106 /* LoginItemManager.swift */,
				1A0000000000000000000105 /* Log.swift */,
				1A000000000000000000010B /* Info.plist */,
				1A000000000000000000010C /* ClickThrough.entitlements */,
			);
			path = ClickThrough;
			sourceTree = "<group>";
		};
		1A0000000000000000000005 /* ClickThroughTests */ = {
			isa = PBXGroup;
			children = (
				1A0000000000000000000111 /* WindowFinderTests.swift */,
			);
			path = ClickThroughTests;
			sourceTree = "<group>";
		};
/* End PBXGroup section */

/* Begin PBXNativeTarget section */
		1A0000000000000000000010 /* ClickThrough */ = {
			isa = PBXNativeTarget;
			buildConfigurationList = 1A0000000000000000000031 /* Build configuration list for PBXNativeTarget "ClickThrough" */;
			buildPhases = (
				1A0000000000000000000020 /* Sources */,
				1A0000000000000000000021 /* Frameworks */,
				1A0000000000000000000022 /* Resources */,
			);
			buildRules = (
			);
			dependencies = (
			);
			name = ClickThrough;
			productName = ClickThrough;
			productReference = 1A0000000000000000000012 /* ClickThrough.app */;
			productType = "com.apple.product-type.application";
		};
		1A0000000000000000000011 /* ClickThroughTests */ = {
			isa = PBXNativeTarget;
			buildConfigurationList = 1A0000000000000000000032 /* Build configuration list for PBXNativeTarget "ClickThroughTests" */;
			buildPhases = (
				1A0000000000000000000023 /* Sources */,
				1A0000000000000000000024 /* Frameworks */,
				1A0000000000000000000025 /* Resources */,
			);
			buildRules = (
			);
			dependencies = (
				1A0000000000000000000050 /* PBXTargetDependency */,
			);
			name = ClickThroughTests;
			productName = ClickThroughTests;
			productReference = 1A0000000000000000000013 /* ClickThroughTests.xctest */;
			productType = "com.apple.product-type.bundle.unit-test";
		};
/* End PBXNativeTarget section */

/* Begin PBXProject section */
		1A0000000000000000000001 /* Project object */ = {
			isa = PBXProject;
			attributes = {
				BuildIndependentTargetsInParallel = 1;
				LastSwiftUpdateCheck = 1600;
				LastUpgradeCheck = 1600;
				TargetAttributes = {
					1A0000000000000000000010 = {
						CreatedOnToolsVersion = 16.0;
					};
					1A0000000000000000000011 = {
						CreatedOnToolsVersion = 16.0;
						TestTargetID = 1A0000000000000000000010;
					};
				};
			};
			buildConfigurationList = 1A0000000000000000000030 /* Build configuration list for PBXProject "ClickThrough" */;
			developmentRegion = en;
			hasScannedForEncodings = 0;
			knownRegions = (
				en,
				Base,
			);
			mainGroup = 1A0000000000000000000002;
			productRefGroup = 1A0000000000000000000003 /* Products */;
			projectDirPath = "";
			projectRoot = "";
			targets = (
				1A0000000000000000000010 /* ClickThrough */,
				1A0000000000000000000011 /* ClickThroughTests */,
			);
		};
/* End PBXProject section */

/* Begin PBXResourcesBuildPhase section */
		1A0000000000000000000022 /* Resources */ = {
			isa = PBXResourcesBuildPhase;
			buildActionMask = 2147483647;
			files = (
			);
			runOnlyForDeploymentPostprocessing = 0;
		};
		1A0000000000000000000025 /* Resources */ = {
			isa = PBXResourcesBuildPhase;
			buildActionMask = 2147483647;
			files = (
			);
			runOnlyForDeploymentPostprocessing = 0;
		};
/* End PBXResourcesBuildPhase section */

/* Begin PBXSourcesBuildPhase section */
		1A0000000000000000000020 /* Sources */ = {
			isa = PBXSourcesBuildPhase;
			buildActionMask = 2147483647;
			files = (
				1A000000000000000000020C /* main.swift in Sources */,
				1A0000000000000000000202 /* AppDelegate.swift in Sources */,
				1A0000000000000000000203 /* ClickThroughController.swift in Sources */,
				1A0000000000000000000204 /* EventTap.swift in Sources */,
				1A000000000000000000020A /* WindowFinder.swift in Sources */,
				1A000000000000000000020D /* DockInspector.swift in Sources */,
				1A000000000000000000020E /* NotificationCenterInspector.swift in Sources */,
				1A000000000000000000020F /* AXUIElement+Frame.swift in Sources */,
				1A0000000000000000000209 /* WindowActivator.swift in Sources */,
				1A0000000000000000000207 /* ScreenGeometry.swift in Sources */,
				1A0000000000000000000208 /* StatusBarController.swift in Sources */,
				1A0000000000000000000201 /* AccessibilityManager.swift in Sources */,
				1A0000000000000000000206 /* LoginItemManager.swift in Sources */,
				1A0000000000000000000205 /* Log.swift in Sources */,
			);
			runOnlyForDeploymentPostprocessing = 0;
		};
		1A0000000000000000000023 /* Sources */ = {
			isa = PBXSourcesBuildPhase;
			buildActionMask = 2147483647;
			files = (
				1A000000000000000000020B /* WindowFinderTests.swift in Sources */,
			);
			runOnlyForDeploymentPostprocessing = 0;
		};
/* End PBXSourcesBuildPhase section */

/* Begin PBXTargetDependency section */
		1A0000000000000000000050 /* PBXTargetDependency */ = {
			isa = PBXTargetDependency;
			target = 1A0000000000000000000010 /* ClickThrough */;
			targetProxy = 1A0000000000000000000051 /* PBXContainerItemProxy */;
		};
/* End PBXTargetDependency section */

/* Begin XCBuildConfiguration section */
		1A0000000000000000000040 /* Debug */ = {
			isa = XCBuildConfiguration;
			buildSettings = {
				ALWAYS_SEARCH_USER_PATHS = NO;
				CLANG_ANALYZER_NONNULL = YES;
				CLANG_ENABLE_MODULES = YES;
				CLANG_ENABLE_OBJC_ARC = YES;
				CLANG_ENABLE_OBJC_WEAK = YES;
				CLANG_WARN_BLOCK_CAPTURE_AUTORELEASING = YES;
				CLANG_WARN_BOOL_CONVERSION = YES;
				CLANG_WARN_COMMA = YES;
				CLANG_WARN_CONSTANT_CONVERSION = YES;
				CLANG_WARN_DEPRECATED_OBJC_IMPLEMENTATIONS = YES;
				CLANG_WARN_DIRECT_OBJC_ISA_USAGE = YES_ERROR;
				CLANG_WARN_DOCUMENTATION_COMMENTS = YES;
				CLANG_WARN_EMPTY_BODY = YES;
				CLANG_WARN_ENUM_CONVERSION = YES;
				CLANG_WARN_INFINITE_RECURSION = YES;
				CLANG_WARN_INT_CONVERSION = YES;
				CLANG_WARN_NON_LITERAL_NULL_CONVERSION = YES;
				CLANG_WARN_OBJC_LITERAL_CONVERSION = YES;
				CLANG_WARN_OBJC_ROOT_CLASS = YES_ERROR;
				CLANG_WARN_QUOTED_INCLUDE_IN_FRAMEWORK_HEADER = YES;
				CLANG_WARN_RANGE_LOOP_ANALYSIS = YES;
				CLANG_WARN_STRICT_PROTOTYPES = YES;
				CLANG_WARN_SUSPICIOUS_MOVE = YES;
				CLANG_WARN_UNGUARDED_AVAILABILITY = YES_AGGRESSIVE;
				CLANG_WARN_UNREACHABLE_CODE = YES;
				COPY_PHASE_STRIP = NO;
				DEBUG_INFORMATION_FORMAT = dwarf;
				ENABLE_STRICT_OBJC_MSGSEND = YES;
				ENABLE_TESTABILITY = YES;
				ENABLE_USER_SCRIPT_SANDBOXING = YES;
				GCC_NO_COMMON_BLOCKS = YES;
				GCC_OPTIMIZATION_LEVEL = 0;
				GCC_PREPROCESSOR_DEFINITIONS = (
					"DEBUG=1",
					"$(inherited)",
				);
				GCC_WARN_64_TO_32_BIT_CONVERSION = YES;
				GCC_WARN_ABOUT_RETURN_TYPE = YES_ERROR;
				GCC_WARN_UNDECLARED_SELECTOR = YES;
				GCC_WARN_UNINITIALIZED_AUTOS = YES_AGGRESSIVE;
				GCC_WARN_UNUSED_FUNCTION = YES;
				GCC_WARN_UNUSED_VARIABLE = YES;
				MACOSX_DEPLOYMENT_TARGET = 13.0;
				ONLY_ACTIVE_ARCH = YES;
				SDKROOT = macosx;
				SWIFT_ACTIVE_COMPILATION_CONDITIONS = "DEBUG $(inherited)";
				SWIFT_OPTIMIZATION_LEVEL = "-Onone";
				SWIFT_VERSION = 6.0;
			};
			name = Debug;
		};
		1A0000000000000000000041 /* Release */ = {
			isa = XCBuildConfiguration;
			buildSettings = {
				ALWAYS_SEARCH_USER_PATHS = NO;
				CLANG_ANALYZER_NONNULL = YES;
				CLANG_ENABLE_MODULES = YES;
				CLANG_ENABLE_OBJC_ARC = YES;
				CLANG_ENABLE_OBJC_WEAK = YES;
				CLANG_WARN_BLOCK_CAPTURE_AUTORELEASING = YES;
				CLANG_WARN_BOOL_CONVERSION = YES;
				CLANG_WARN_COMMA = YES;
				CLANG_WARN_CONSTANT_CONVERSION = YES;
				CLANG_WARN_DEPRECATED_OBJC_IMPLEMENTATIONS = YES;
				CLANG_WARN_DIRECT_OBJC_ISA_USAGE = YES_ERROR;
				CLANG_WARN_DOCUMENTATION_COMMENTS = YES;
				CLANG_WARN_EMPTY_BODY = YES;
				CLANG_WARN_ENUM_CONVERSION = YES;
				CLANG_WARN_INFINITE_RECURSION = YES;
				CLANG_WARN_INT_CONVERSION = YES;
				CLANG_WARN_NON_LITERAL_NULL_CONVERSION = YES;
				CLANG_WARN_OBJC_LITERAL_CONVERSION = YES;
				CLANG_WARN_OBJC_ROOT_CLASS = YES_ERROR;
				CLANG_WARN_QUOTED_INCLUDE_IN_FRAMEWORK_HEADER = YES;
				CLANG_WARN_RANGE_LOOP_ANALYSIS = YES;
				CLANG_WARN_STRICT_PROTOTYPES = YES;
				CLANG_WARN_SUSPICIOUS_MOVE = YES;
				CLANG_WARN_UNGUARDED_AVAILABILITY = YES_AGGRESSIVE;
				CLANG_WARN_UNREACHABLE_CODE = YES;
				COPY_PHASE_STRIP = NO;
				DEBUG_INFORMATION_FORMAT = "dwarf-with-dsym";
				ENABLE_NS_ASSERTIONS = NO;
				ENABLE_STRICT_OBJC_MSGSEND = YES;
				ENABLE_USER_SCRIPT_SANDBOXING = YES;
				GCC_NO_COMMON_BLOCKS = YES;
				GCC_WARN_64_TO_32_BIT_CONVERSION = YES;
				GCC_WARN_ABOUT_RETURN_TYPE = YES_ERROR;
				GCC_WARN_UNDECLARED_SELECTOR = YES;
				GCC_WARN_UNINITIALIZED_AUTOS = YES_AGGRESSIVE;
				GCC_WARN_UNUSED_FUNCTION = YES;
				GCC_WARN_UNUSED_VARIABLE = YES;
				MACOSX_DEPLOYMENT_TARGET = 13.0;
				SDKROOT = macosx;
				SWIFT_COMPILATION_MODE = wholemodule;
				SWIFT_VERSION = 6.0;
			};
			name = Release;
		};
		1A0000000000000000000042 /* Debug */ = {
			isa = XCBuildConfiguration;
			buildSettings = {
				CODE_SIGN_ENTITLEMENTS = ClickThrough/ClickThrough.entitlements;
				CODE_SIGN_IDENTITY = "-";
				CODE_SIGN_STYLE = Automatic;
				COMBINE_HIDPI_IMAGES = YES;
				ENABLE_HARDENED_RUNTIME = YES;
				GENERATE_INFOPLIST_FILE = NO;
				INFOPLIST_FILE = ClickThrough/Info.plist;
				LD_RUNPATH_SEARCH_PATHS = (
					"$(inherited)",
					"@executable_path/../Frameworks",
				);
				PRODUCT_BUNDLE_IDENTIFIER = com.clickthrough.app;
				PRODUCT_NAME = "$(TARGET_NAME)";
				SWIFT_EMIT_LOC_STRINGS = NO;
			};
			name = Debug;
		};
		1A0000000000000000000043 /* Release */ = {
			isa = XCBuildConfiguration;
			buildSettings = {
				CODE_SIGN_ENTITLEMENTS = ClickThrough/ClickThrough.entitlements;
				CODE_SIGN_IDENTITY = "-";
				CODE_SIGN_STYLE = Automatic;
				COMBINE_HIDPI_IMAGES = YES;
				ENABLE_HARDENED_RUNTIME = YES;
				GENERATE_INFOPLIST_FILE = NO;
				INFOPLIST_FILE = ClickThrough/Info.plist;
				LD_RUNPATH_SEARCH_PATHS = (
					"$(inherited)",
					"@executable_path/../Frameworks",
				);
				PRODUCT_BUNDLE_IDENTIFIER = com.clickthrough.app;
				PRODUCT_NAME = "$(TARGET_NAME)";
				SWIFT_EMIT_LOC_STRINGS = NO;
			};
			name = Release;
		};
		1A0000000000000000000044 /* Debug */ = {
			isa = XCBuildConfiguration;
			buildSettings = {
				BUNDLE_LOADER = "$(TEST_HOST)";
				CODE_SIGN_STYLE = Automatic;
				GENERATE_INFOPLIST_FILE = YES;
				PRODUCT_BUNDLE_IDENTIFIER = com.clickthrough.app.tests;
				PRODUCT_NAME = "$(TARGET_NAME)";
				TEST_HOST = "$(BUILT_PRODUCTS_DIR)/ClickThrough.app/Contents/MacOS/ClickThrough";
			};
			name = Debug;
		};
		1A0000000000000000000045 /* Release */ = {
			isa = XCBuildConfiguration;
			buildSettings = {
				BUNDLE_LOADER = "$(TEST_HOST)";
				CODE_SIGN_STYLE = Automatic;
				GENERATE_INFOPLIST_FILE = YES;
				PRODUCT_BUNDLE_IDENTIFIER = com.clickthrough.app.tests;
				PRODUCT_NAME = "$(TARGET_NAME)";
				TEST_HOST = "$(BUILT_PRODUCTS_DIR)/ClickThrough.app/Contents/MacOS/ClickThrough";
			};
			name = Release;
		};
/* End XCBuildConfiguration section */

/* Begin XCConfigurationList section */
		1A0000000000000000000030 /* Build configuration list for PBXProject "ClickThrough" */ = {
			isa = XCConfigurationList;
			buildConfigurations = (
				1A0000000000000000000040 /* Debug */,
				1A0000000000000000000041 /* Release */,
			);
			defaultConfigurationIsVisible = 0;
			defaultConfigurationName = Release;
		};
		1A0000000000000000000031 /* Build configuration list for PBXNativeTarget "ClickThrough" */ = {
			isa = XCConfigurationList;
			buildConfigurations = (
				1A0000000000000000000042 /* Debug */,
				1A0000000000000000000043 /* Release */,
			);
			defaultConfigurationIsVisible = 0;
			defaultConfigurationName = Release;
		};
		1A0000000000000000000032 /* Build configuration list for PBXNativeTarget "ClickThroughTests" */ = {
			isa = XCConfigurationList;
			buildConfigurations = (
				1A0000000000000000000044 /* Debug */,
				1A0000000000000000000045 /* Release */,
			);
			defaultConfigurationIsVisible = 0;
			defaultConfigurationName = Release;
		};
/* End XCConfigurationList section */
	};
	rootObject = 1A0000000000000000000001 /* Project object */;
}
